
Microsoft Visual Studio Solution File, Format Version 12.00
# Visual Studio Version 16
VisualStudioVersion = 16.0.30011.22
MinimumVisualStudioVersion = 10.0.40219.1
Project("{888888A0-9F3D-457C-B088-3A5042F75D52}") = "basic_app", "basic_app\basic_app.pyproj", "{D5A546E3-3331-46C9-8435-C75F2B436C19}"
EndProject
Global
	GlobalSection(SolutionConfigurationPlatforms) = preSolution
		Debug|Any CPU = Debug|Any CPU
		Release|Any CPU = Release|Any CPU
	EndGlobalSection
	GlobalSection(ProjectConfigurationPlatforms) = postSolution
		{D5A546E3-3331-46C9-8435-C75F2B436C19}.Debug|Any CPU.ActiveCfg = Debug|Any CPU
		{D5A546E3-3331-46C9-8435-C75F2B436C19}.Release|Any CPU.ActiveCfg = Release|Any CPU
	EndGlobalSection
	GlobalSection(SolutionProperties) = preSolution
		HideSolutionNode = FALSE
	EndGlobalSection
	GlobalSection(ExtensibilityGlobals) = postSolution
		SolutionGuid = {043FCD39-85F8-423A-8EB5-F46B514FB39A}
	EndGlobalSection
EndGlobal
